// !$*UTF8*$!
{
	archiveVersion = 1;
	classes = {
	};
	objectVersion = 55;
	objects = {

/* Begin PBXBuildFile section */
		75A952A627D0670F00FD3543 /* AppDelegate.swift in Sources */ = {isa = PBXBuildFile; fileRef = 75A952A527D0670F00FD3543 /* AppDelegate.swift */; };
		75A952A827D0670F00FD3543 /* SceneDelegate.swift in Sources */ = {isa = PBXBuildFile; fileRef = 75A952A727D0670F00FD3543 /* SceneDelegate.swift */; };
		75A952AA27D0670F00FD3543 /* ToDoListViewController.swift in Sources */ = {isa = PBXBuildFile; fileRef = 75A952A927D0670F00FD3543 /* ToDoListViewController.swift */; };
		75A952AD27D0670F00FD3543 /* Main.storyboard in Resources */ = {isa = PBXBuildFile; fileRef = 75A952AB27D0670F00FD3543 /* Main.storyboard */; };
		75A952AF27D0671000FD3543 /* Assets.xcassets in Resources */ = {isa = PBXBuildFile; fileRef = 75A952AE27D0671000FD3543 /* Assets.xcassets */; };
		75A952B227D0671000FD3543 /* LaunchScreen.storyboard in Resources */ = {isa = PBXBuildFile; fileRef = 75A952B027D0671000FD3543 /* LaunchScreen.storyboard */; };
		75D3D2E227D4A7F800EF537F /* CategoryTableViewController.swift in Sources */ = {isa = PBXBuildFile; fileRef = 75D3D2E127D4A7F800EF537F /* CategoryTableViewController.swift */; };
		75DE919427D4D69B0058FAD8 /* TodoModel.swift in Sources */ = {isa = PBXBuildFile; fileRef = 75DE919327D4D69B0058FAD8 /* TodoModel.swift */; };
		75DE919627D4D6A80058FAD8 /* Category.swift in Sources */ = {isa = PBXBuildFile; fileRef = 75DE919527D4D6A80058FAD8 /* Category.swift */; };
		99EC8F1C52D0B3235A7D9124 /* Pods_ToDo.framework in Frameworks */ = {isa = PBXBuildFile; fileRef = 5C8C451825725EBD04131ADC /* Pods_ToDo.framework */; };
/* End PBXBuildFile section */

/* Begin PBXFileReference section */
		5C8C451825725EBD04131ADC /* Pods_ToDo.framework */ = {isa = PBXFileReference; explicitFileType = wrapper.framework; includeInIndex = 0; path = Pods_ToDo.framework; sourceTree = BUILT_PRODUCTS_DIR; };
		5D21A4246A2FC8CC11E5C70E /* Pods-ToDo.debug.xcconfig */ = {isa = PBXFileReference; includeInIndex = 1; lastKnownFileType = text.xcconfig; name = "Pods-ToDo.debug.xcconfig"; path = "Target Support Files/Pods-ToDo/Pods-ToDo.debug.xcconfig"; sourceTree = "<group>"; };
		6B3B69101C5769FCBE011474 /* Pods-ToDo.release.xcconfig */ = {isa = PBXFileReference; includeInIndex = 1; lastKnownFileType = text.xcconfig; name = "Pods-ToDo.release.xcconfig"; path = "Target Support Files/Pods-ToDo/Pods-ToDo.release.xcconfig"; sourceTree = "<group>"; };
		75A952A227D0670F00FD3543 /* ToDo.app */ = {isa = PBXFileReference; explicitFileType = wrapper.application; includeInIndex = 0; path = ToDo.app; sourceTree = BUILT_PRODUCTS_DIR; };
		75A952A527D0670F00FD3543 /* AppDelegate.swift */ = {isa = PBXFileReference; lastKnownFileType = sourcecode.swift; path = AppDelegate.swift; sourceTree = "<group>"; };
		75A952A727D0670F00FD3543 /* SceneDelegate.swift */ = {isa = PBXFileReference; lastKnownFileType = sourcecode.swift; path = SceneDelegate.swift; sourceTree = "<group>"; };
		75A952A927D0670F00FD3543 /* ToDoListViewController.swift */ = {isa = PBXFileReference; lastKnownFileType = sourcecode.swift; path = ToDoListViewController.swift; sourceTree = "<group>"; };
		75A952AC27D0670F00FD3543 /* Base */ = {isa = PBXFileReference; lastKnownFileType = file.storyboard; name = Base; path = Base.lproj/Main.storyboard; sourceTree = "<group>"; };
		75A952AE27D0671000FD3543 /* Assets.xcassets */ = {isa = PBXFileReference; lastKnownFileType = folder.assetcatalog; path = Assets.xcassets; sourceTree = "<group>"; };
		75A952B127D0671000FD3543 /* Base */ = {isa = PBXFileReference; lastKnownFileType = file.storyboard; name = Base; path = Base.lproj/LaunchScreen.storyboard; sourceTree = "<group>"; };
		75A952B327D0671000FD3543 /* Info.plist */ = {isa = PBXFileReference; lastKnownFileType = text.plist.xml; path = Info.plist; sourceTree = "<group>"; };
		75D3D2E127D4A7F800EF537F /* CategoryTableViewController.swift */ = {isa = PBXFileReference; lastKnownFileType = sourcecode.swift; path = CategoryTableViewController.swift; sourceTree = "<group>"; };
		75DE919327D4D69B0058FAD8 /* TodoModel.swift */ = {isa = PBXFileReference; lastKnownFileType = sourcecode.swift; path = TodoModel.swift; sourceTree = "<group>"; };
		75DE919527D4D6A80058FAD8 /* Category.swift */ = {isa = PBXFileReference; lastKnownFileType = sourcecode.swift; path = Category.swift; sourceTree = "<group>"; };
/* End PBXFileReference section */

/* Begin PBXFrameworksBuildPhase section */
		75A9529F27D0670F00FD3543 /* Frameworks */ = {
			isa = PBXFrameworksBuildPhase;
			buildActionMask = 2147483647;
			files = (
				99EC8F1C52D0B3235A7D9124 /* Pods_ToDo.framework in Frameworks */,
			);
			runOnlyForDeploymentPostprocessing = 0;
		};
/* End PBXFrameworksBuildPhase section */

/* Begin PBXGroup section */
		434A32838C7EBC01F4ECBC5D /* Pods */ = {
			isa = PBXGroup;
			children = (
				5D21A4246A2FC8CC11E5C70E /* Pods-ToDo.debug.xcconfig */,
				6B3B69101C5769FCBE011474 /* Pods-ToDo.release.xcconfig */,
			);
			path = Pods;
			sourceTree = "<group>";
		};
		7546609327D0B89C00C28769 /* Model */ = {
			isa = PBXGroup;
			children = (
				75DE919327D4D69B0058FAD8 /* TodoModel.swift */,
				75DE919527D4D6A80058FAD8 /* Category.swift */,
			);
			path = Model;
			sourceTree = "<group>";
		};
		7546609627D0B97000C28769 /* Controllers */ = {
			isa = PBXGroup;
			children = (
				75A952A927D0670F00FD3543 /* ToDoListViewController.swift */,
				75D3D2E127D4A7F800EF537F /* CategoryTableViewController.swift */,
			);
			path = Controllers;
			sourceTree = "<group>";
		};
		7546609727D0B97800C28769 /* View */ = {
			isa = PBXGroup;
			children = (
				75A952AB27D0670F00FD3543 /* Main.storyboard */,
			);
			path = View;
			sourceTree = "<group>";
		};
		7546609827D0B97F00C28769 /* Supportive Files */ = {
			isa = PBXGroup;
			children = (
				75A952AE27D0671000FD3543 /* Assets.xcassets */,
				75A952B027D0671000FD3543 /* LaunchScreen.storyboard */,
			);
			path = "Supportive Files";
			sourceTree = "<group>";
		};
		75A9529927D0670F00FD3543 = {
			isa = PBXGroup;
			children = (
				75A952A427D0670F00FD3543 /* ToDo */,
				75A952A327D0670F00FD3543 /* Products */,
				434A32838C7EBC01F4ECBC5D /* Pods */,
				C6F1B0FBBD670113BE37E393 /* Frameworks */,
			);
			sourceTree = "<group>";
		};
		75A952A327D0670F00FD3543 /* Products */ = {
			isa = PBXGroup;
			children = (
				75A952A227D0670F00FD3543 /* ToDo.app */,
			);
			name = Products;
			sourceTree = "<group>";
		};
		75A952A427D0670F00FD3543 /* ToDo */ = {
			isa = PBXGroup;
			children = (
				75A952A527D0670F00FD3543 /* AppDelegate.swift */,
				75A952A727D0670F00FD3543 /* SceneDelegate.swift */,
				7546609327D0B89C00C28769 /* Model */,
				7546609727D0B97800C28769 /* View */,
				7546609627D0B97000C28769 /* Controllers */,
				7546609827D0B97F00C28769 /* Supportive Files */,
				75A952B327D0671000FD3543 /* Info.plist */,
			);
			path = ToDo;
			sourceTree = "<group>";
		};
		C6F1B0FBBD670113BE37E393 /* Frameworks */ = {
			isa = PBXGroup;
			children = (
				5C8C451825725EBD04131ADC /* Pods_ToDo.framework */,
			);
			name = Frameworks;
			sourceTree = "<group>";
		};
/* End PBXGroup section */

/* Begin PBXNativeTarget section */
		75A952A127D0670F00FD3543 /* ToDo */ = {
			isa = PBXNativeTarget;
			buildConfigurationList = 75A952B627D0671000FD3543 /* Build configuration list for PBXNativeTarget "ToDo" */;
			buildPhases = (
				0780CA436E3235538E750E68 /* [CP] Check Pods Manifest.lock */,
				75A9529E27D0670F00FD3543 /* Sources */,
				75A9529F27D0670F00FD3543 /* Frameworks */,
				75A952A027D0670F00FD3543 /* Resources */,
				2D1AC1454E8086A529B4E393 /* [CP] Embed Pods Frameworks */,
			);
			buildRules = (
			);
			dependencies = (
			);
			name = ToDo;
			productName = ToDo;
			productReference = 75A952A227D0670F00FD3543 /* ToDo.app */;
			productType = "com.apple.product-type.application";
		};
/* End PBXNativeTarget section */

/* Begin PBXProject section */
		75A9529A27D0670F00FD3543 /* Project object */ = {
			isa = PBXProject;
			attributes = {
				BuildIndependentTargetsInParallel = 1;
				LastSwiftUpdateCheck = 1320;
				LastUpgradeCheck = 1320;
				TargetAttributes = {
					75A952A127D0670F00FD3543 = {
						CreatedOnToolsVersion = 13.2.1;
					};
				};
			};
			buildConfigurationList = 75A9529D27D0670F00FD3543 /* Build configuration list for PBXProject "ToDo" */;
			compatibilityVersion = "Xcode 13.0";
			developmentRegion = en;
			hasScannedForEncodings = 0;
			knownRegions = (
				en,
				Base,
			);
			mainGroup = 75A9529927D0670F00FD3543;
			productRefGroup = 75A952A327D0670F00FD3543 /* Products */;
			projectDirPath = "";
			projectRoot = "";
			targets = (
				75A952A127D0670F00FD3543 /* ToDo */,
			);
		};
/* End PBXProject section */

/* Begin PBXResourcesBuildPhase section */
		75A952A027D0670F00FD3543 /* Resources */ = {
			isa = PBXResourcesBuildPhase;
			buildActionMask = 2147483647;
			files = (
				75A952B227D0671000FD3543 /* LaunchScreen.storyboard in Resources */,
				75A952AF27D0671000FD3543 /* Assets.xcassets in Resources */,
				75A952AD27D0670F00FD3543 /* Main.storyboard in Resources */,
			);
			runOnlyForDeploymentPostprocessing = 0;
		};
/* End PBXResourcesBuildPhase section */

/* Begin PBXShellScriptBuildPhase section */
		0780CA436E3235538E750E68 /* [CP] Check Pods Manifest.lock */ = {
			isa = PBXShellScriptBuildPhase;
			buildActionMask = 2147483647;
			files = (
			);
			inputFileListPaths = (
			);
			inputPaths = (
				"${PODS_PODFILE_DIR_PATH}/Podfile.lock",
				"${PODS_ROOT}/Manifest.lock",
			);
			name = "[CP] Check Pods Manifest.lock";
			outputFileListPaths = (
			);
			outputPaths = (
				"$(DERIVED_FILE_DIR)/Pods-ToDo-checkManifestLockResult.txt",
			);
			runOnlyForDeploymentPostprocessing = 0;
			shellPath = /bin/sh;
			shellScript = "diff \"${PODS_PODFILE_DIR_PATH}/Podfile.lock\" \"${PODS_ROOT}/Manifest.lock\" > /dev/null\nif [ $? != 0 ] ; then\n    # print error to STDERR\n    echo \"error: The sandbox is not in sync with the Podfile.lock. Run 'pod install' or update your CocoaPods installation.\" >&2\n    exit 1\nfi\n# This output is used by Xcode 'outputs' to avoid re-running this script phase.\necho \"SUCCESS\" > \"${SCRIPT_OUTPUT_FILE_0}\"\n";
			showEnvVarsInLog = 0;
		};
		2D1AC1454E8086A529B4E393 /* [CP] Embed Pods Frameworks */ = {
			isa = PBXShellScriptBuildPhase;
			buildActionMask = 2147483647;
			files = (
			);
			inputFileListPaths = (
				"${PODS_ROOT}/Target Support Files/Pods-ToDo/Pods-ToDo-frameworks-${CONFIGURATION}-input-files.xcfilelist",
			);
			name = "[CP] Embed Pods Frameworks";
			outputFileListPaths = (
				"${PODS_ROOT}/Target Support Files/Pods-ToDo/Pods-ToDo-frameworks-${CONFIGURATION}-output-files.xcfilelist",
			);
			runOnlyForDeploymentPostprocessing = 0;
			shellPath = /bin/sh;
			shellScript = "\"${PODS_ROOT}/Target Support Files/Pods-ToDo/Pods-ToDo-frameworks.sh\"\n";
			showEnvVarsInLog = 0;
		};
/* End PBXShellScriptBuildPhase section */

/* Begin PBXSourcesBuildPhase section */
		75A9529E27D0670F00FD3543 /* Sources */ = {
			isa = PBXSourcesBuildPhase;
			buildActionMask = 2147483647;
			files = (
				75A952AA27D0670F00FD3543 /* ToDoListViewController.swift in Sources */,
				75D3D2E227D4A7F800EF537F /* CategoryTableViewController.swift in Sources */,
				75A952A627D0670F00FD3543 /* AppDelegate.swift in Sources */,
				75DE919427D4D69B0058FAD8 /* TodoModel.swift in Sources */,
				75A952A827D0670F00FD3543 /* SceneDelegate.swift in Sources */,
				75DE919627D4D6A80058FAD8 /* Category.swift in Sources */,
			);
			runOnlyForDeploymentPostprocessing = 0;
		};
/* End PBXSourcesBuildPhase section */

/* Begin PBXVariantGroup section */
		75A952AB27D0670F00FD3543 /* Main.storyboard */ = {
			isa = PBXVariantGroup;
			children = (
				75A952AC27D0670F00FD3543 /* Base */,
			);
			name = Main.storyboard;
			sourceTree = "<group>";
		};
		75A952B027D0671000FD3543 /* LaunchScreen.storyboard */ = {
			isa = PBXVariantGroup;
			children = (
				75A952B127D0671000FD3543 /* Base */,
			);
			name = LaunchScreen.storyboard;
			sourceTree = "<group>";
		};
/* End PBXVariantGroup section */

/* Begin XCBuildConfiguration section */
		75A952B427D0671000FD3543 /* Debug */ = {
			isa = XCBuildConfiguration;
			buildSettings = {
				ALWAYS_SEARCH_USER_PATHS = NO;
				CLANG_ANALYZER_NONNULL = YES;
				CLANG_ANALYZER_NUMBER_OBJECT_CONVERSION = YES_AGGRESSIVE;
				CLANG_CXX_LANGUAGE_STANDARD = "gnu++17";
				CLANG_CXX_LIBRARY = "libc++";
				CLANG_ENABLE_MODULES = YES;
				CLANG_ENABLE_OBJC_ARC = YES;
				CLANG_ENABLE_OBJC_WEAK = YES;
				CLANG_WARN_BLOCK_CAPTURE_AUTORELEASING = YES;
				CLANG_WARN_BOOL_CONVERSION = YES;
				CLANG_WARN_COMMA = YES;
				CLANG_WARN_CONSTANT_CONVERSION = YES;
				CLANG_WARN_DEPRECATED_OBJC_IMPLEMENTATIONS = YES;
				CLANG_WARN_DIRECT_OBJC_ISA_USAGE = YES_ERROR;
				CLANG_WARN_DOCUMENTATION_COMMENTS = YES;
				CLANG_WARN_EMPTY_BODY = YES;
				CLANG_WARN_ENUM_CONVERSION = YES;
				CLANG_WARN_INFINITE_RECURSION = YES;
				CLANG_WARN_INT_CONVERSION = YES;
				CLANG_WARN_NON_LITERAL_NULL_CONVERSION = YES;
				CLANG_WARN_OBJC_IMPLICIT_RETAIN_SELF = YES;
				CLANG_WARN_OBJC_LITERAL_CONVERSION = YES;
				CLANG_WARN_OBJC_ROOT_CLASS = YES_ERROR;
				CLANG_WARN_QUOTED_INCLUDE_IN_FRAMEWORK_HEADER = YES;
				CLANG_WARN_RANGE_LOOP_ANALYSIS = YES;
				CLANG_WARN_STRICT_PROTOTYPES = YES;
				CLANG_WARN_SUSPICIOUS_MOVE = YES;
				CLANG_WARN_UNGUARDED_AVAILABILITY = YES_AGGRESSIVE;
				CLANG_WARN_UNREACHABLE_CODE = YES;
				CLANG_WARN__DUPLICATE_METHOD_MATCH = YES;
				COPY_PHASE_STRIP = NO;
				DEBUG_INFORMATION_FORMAT = dwarf;
				ENABLE_STRICT_OBJC_MSGSEND = YES;
				ENABLE_TESTABILITY = YES;
				GCC_C_LANGUAGE_STANDARD = gnu11;
				GCC_DYNAMIC_NO_PIC = NO;
				GCC_NO_COMMON_BLOCKS = YES;
				GCC_OPTIMIZATION_LEVEL = 0;
				GCC_PREPROCESSOR_DEFINITIONS = (
					"DEBUG=1",
					"$(inherited)",
				);
				GCC_WARN_64_TO_32_BIT_CONVERSION = YES;
				GCC_WARN_ABOUT_RETURN_TYPE = YES_ERROR;
				GCC_WARN_UNDECLARED_SELECTOR = YES;
				GCC_WARN_UNINITIALIZED_AUTOS = YES_AGGRESSIVE;
				GCC_WARN_UNUSED_FUNCTION = YES;
				GCC_WARN_UNUSED_VARIABLE = YES;
				IPHONEOS_DEPLOYMENT_TARGET = 15.2;
				MTL_ENABLE_DEBUG_INFO = INCLUDE_SOURCE;
				MTL_FAST_MATH = YES;
				ONLY_ACTIVE_ARCH = YES;
				SDKROOT = iphoneos;
				SWIFT_ACTIVE_COMPILATION_CONDITIONS = DEBUG;
				SWIFT_OPTIMIZATION_LEVEL = "-Onone";
			};
			name = Debug;
		};
		75A952B527D0671000FD3543 /* Release */ = {
			isa = XCBuildConfiguration;
			buildSettings = {
				ALWAYS_SEARCH_USER_PATHS = NO;
				CLANG_ANALYZER_NONNULL = YES;
				CLANG_ANALYZER_NUMBER_OBJECT_CONVERSION = YES_AGGRESSIVE;
				CLANG_CXX_LANGUAGE_STANDARD = "gnu++17";
				CLANG_CXX_LIBRARY = "libc++";
				CLANG_ENABLE_MODULES = YES;
				CLANG_ENABLE_OBJC_ARC = YES;
				CLANG_ENABLE_OBJC_WEAK = YES;
				CLANG_WARN_BLOCK_CAPTURE_AUTORELEASING = YES;
				CLANG_WARN_BOOL_CONVERSION = YES;
				CLANG_WARN_COMMA = YES;
				CLANG_WARN_CONSTANT_CONVERSION = YES;
				CLANG_WARN_DEPRECATED_OBJC_IMPLEMENTATIONS = YES;
				CLANG_WARN_DIRECT_OBJC_ISA_USAGE = YES_ERROR;
				CLANG_WARN_DOCUMENTATION_COMMENTS = YES;
				CLANG_WARN_EMPTY_BODY = YES;
				CLANG_WARN_ENUM_CONVERSION = YES;
				CLANG_WARN_INFINITE_RECURSION = YES;
				CLANG_WARN_INT_CONVERSION = YES;
				CLANG_WARN_NON_LITERAL_NULL_CONVERSION = YES;
				CLANG_WARN_OBJC_IMPLICIT_RETAIN_SELF = YES;
				CLANG_WARN_OBJC_LITERAL_CONVERSION = YES;
				CLANG_WARN_OBJC_ROOT_CLASS = YES_ERROR;
				CLANG_WARN_QUOTED_INCLUDE_IN_FRAMEWORK_HEADER = YES;
				CLANG_WARN_RANGE_LOOP_ANALYSIS = YES;
				CLANG_WARN_STRICT_PROTOTYPES = YES;
				CLANG_WARN_SUSPICIOUS_MOVE = YES;
				CLANG_WARN_UNGUARDED_AVAILABILITY = YES_AGGRESSIVE;
				CLANG_WARN_UNREACHABLE_CODE = YES;
				CLANG_WARN__DUPLICATE_METHOD_MATCH = YES;
				COPY_PHASE_STRIP = NO;
				DEBUG_INFORMATION_FORMAT = "dwarf-with-dsym";
				ENABLE_NS_ASSERTIONS = NO;
				ENABLE_STRICT_OBJC_MSGSEND = YES;
				GCC_C_LANGUAGE_STANDARD = gnu11;
				GCC_NO_COMMON_BLOCKS = YES;
				GCC_WARN_64_TO_32_BIT_CONVERSION = YES;
				GCC_WARN_ABOUT_RETURN_TYPE = YES_ERROR;
				GCC_WARN_UNDECLARED_SELECTOR = YES;
				GCC_WARN_UNINITIALIZED_AUTOS = YES_AGGRESSIVE;
				GCC_WARN_UNUSED_FUNCTION = YES;
				GCC_WARN_UNUSED_VARIABLE = YES;
				IPHONEOS_DEPLOYMENT_TARGET = 15.2;
				MTL_ENABLE_DEBUG_INFO = NO;
				MTL_FAST_MATH = YES;
				SDKROOT = iphoneos;
				SWIFT_COMPILATION_MODE = wholemodule;
				SWIFT_OPTIMIZATION_LEVEL = "-O";
				VALIDATE_PRODUCT = YES;
			};
			name = Release;
		};
		75A952B727D0671000FD3543 /* Debug */ = {
			isa = XCBuildConfiguration;
			baseConfigurationReference = 5D21A4246A2FC8CC11E5C70E /* Pods-ToDo.debug.xcconfig */;
			buildSettings = {
				ASSETCATALOG_COMPILER_APPICON_NAME = AppIcon;
				ASSETCATALOG_COMPILER_GLOBAL_ACCENT_COLOR_NAME = AccentColor;
				CODE_SIGN_STYLE = Automatic;
				CURRENT_PROJECT_VERSION = 1;
				DEVELOPMENT_TEAM = 3NXT996AXQ;
				GENERATE_INFOPLIST_FILE = YES;
				INFOPLIST_FILE = ToDo/Info.plist;
				INFOPLIST_KEY_CFBundleDisplayName = ToDoRealm;
				INFOPLIST_KEY_UIApplicationSupportsIndirectInputEvents = YES;
				INFOPLIST_KEY_UILaunchStoryboardName = LaunchScreen;
				INFOPLIST_KEY_UIMainStoryboardFile = Main;
				INFOPLIST_KEY_UISupportedInterfaceOrientations_iPad = "UIInterfaceOrientationPortrait UIInterfaceOrientationPortraitUpsideDown UIInterfaceOrientationLandscapeLeft UIInterfaceOrientationLandscapeRight";
				INFOPLIST_KEY_UISupportedInterfaceOrientations_iPhone = "UIInterfaceOrientationPortrait UIInterfaceOrientationLandscapeLeft UIInterfaceOrientationLandscapeRight";
				LD_RUNPATH_SEARCH_PATHS = (
					"$(inherited)",
					"@executable_path/Frameworks",
				);
				MARKETING_VERSION = 1.0;
				PRODUCT_BUNDLE_IDENTIFIER = com.eclidse.ToDoRealm;
				PRODUCT_NAME = "$(TARGET_NAME)";
				SWIFT_EMIT_LOC_STRINGS = YES;
				SWIFT_VERSION = 5.0;
				TARGETED_DEVICE_FAMILY = "1,2";
			};
			name = Debug;
		};
		75A952B827D0671000FD3543 /* Release */ = {
			isa = XCBuildConfiguration;
			baseConfigurationReference = 6B3B69101C5769FCBE011474 /* Pods-ToDo.release.xcconfig */;
			buildSettings = {
				ASSETCATALOG_COMPILER_APPICON_NAME = AppIcon;
				ASSETCATALOG_COMPILER_GLOBAL_ACCENT_COLOR_NAME = AccentColor;
				CODE_SIGN_STYLE = Automatic;
				CURRENT_PROJECT_VERSION = 1;
				DEVELOPMENT_TEAM = 3NXT996AXQ;
				GENERATE_INFOPLIST_FILE = YES;
				INFOPLIST_FILE = ToDo/Info.plist;
				INFOPLIST_KEY_CFBundleDisplayName = ToDoRealm;
				INFOPLIST_KEY_UIApplicationSupportsIndirectInputEvents = YES;
				INFOPLIST_KEY_UILaunchStoryboardName = LaunchScreen;
				INFOPLIST_KEY_UIMainStoryboardFile = Main;
				INFOPLIST_KEY_UISupportedInterfaceOrientations_iPad = "UIInterfaceOrientationPortrait UIInterfaceOrientationPortraitUpsideDown UIInterfaceOrientationLandscapeLeft UIInterfaceOrientationLandscapeRight";
				INFOPLIST_KEY_UISupportedInterfaceOrientations_iPhone = "UIInterfaceOrientationPortrait UIInterfaceOrientationLandscapeLeft UIInterfaceOrientationLandscapeRight";
				LD_RUNPATH_SEARCH_PATHS = (
					"$(inherited)",
					"@executable_path/Frameworks",
				);
				MARKETING_VERSION = 1.0;
				PRODUCT_BUNDLE_IDENTIFIER = com.eclidse.ToDoRealm;
				PRODUCT_NAME = "$(TARGET_NAME)";
				SWIFT_EMIT_LOC_STRINGS = YES;
				SWIFT_VERSION = 5.0;
				TARGETED_DEVICE_FAMILY = "1,2";
			};
			name = Release;
		};
/* End XCBuildConfiguration section */

/* Begin XCConfigurationList section */
		75A9529D27D0670F00FD3543 /* Build configuration list for PBXProject "ToDo" */ = {
			isa = XCConfigurationList;
			buildConfigurations = (
				75A952B427D0671000FD3543 /* Debug */,
				75A952B527D0671000FD3543 /* Release */,
			);
			defaultConfigurationIsVisible = 0;
			defaultConfigurationName = Release;
		};
		75A952B627D0671000FD3543 /* Build configuration list for PBXNativeTarget "ToDo" */ = {
			isa = XCConfigurationList;
			buildConfigurations = (
				75A952B727D0671000FD3543 /* Debug */,
				75A952B827D0671000FD3543 /* Release */,
			);
			defaultConfigurationIsVisible = 0;
			defaultConfigurationName = Release;
		};
/* End XCConfigurationList section */
	};
	rootObject = 75A9529A27D0670F00FD3543 /* Project object */;
}
